
Microsoft Visual Studio Solution File, Format Version 12.00
# Visual Studio Version 17
VisualStudioVersion = 17.0.32014.148
MinimumVisualStudioVersion = 10.0.40219.1
Project("{FAE04EC0-301F-11D3-BF4B-00C04F79EFBC}") = "RedMango_API", "RedMango_API\RedMango_API.csproj", "{87779484-9393-4E92-8A38-4AF719D6F85C}"
EndProject
Global
	GlobalSection(SolutionConfigurationPlatforms) = preSolution
		Debug|Any CPU = Debug|Any CPU
		Release|Any CPU = Release|Any CPU
	EndGlobalSection
	GlobalSection(ProjectConfigurationPlatforms) = postSolution
		{87779484-9393-4E92-8A38-4AF719D6F85C}.Debug|Any CPU.ActiveCfg = Debug|Any CPU
		{87779484-9393-4E92-8A38-4AF719D6F85C}.Debug|Any CPU.Build.0 = Debug|Any CPU
		{87779484-9393-4E92-8A38-4AF719D6F85C}.Release|Any CPU.ActiveCfg = Release|Any CPU
		{87779484-9393-4E92-8A38-4AF719D6F85C}.Release|Any CPU.Build.0 = Release|Any CPU
	EndGlobalSection
	GlobalSection(SolutionProperties) = preSolution
		HideSolutionNode = FALSE
	EndGlobalSection
	GlobalSection(ExtensibilityGlobals) = postSolution
		SolutionGuid = {21C330EB-E1BE-4C54-BCAC-3572D994BE86}
	EndGlobalSection
EndGlobal
